// !$*UTF8*$!
{
	archiveVersion = 1;
	classes = {
	};
	objectVersion = 46;
	objects = {

/* Begin PBXBuildFile section */
		25983B851EB5E10300D8A513 /* Pin+CoreDataClass.swift in Sources */ = {isa = PBXBuildFile; fileRef = 25983B811EB5E10300D8A513 /* Pin+CoreDataClass.swift */; };
		25983B861EB5E10300D8A513 /* Pin+CoreDataProperties.swift in Sources */ = {isa = PBXBuildFile; fileRef = 25983B821EB5E10300D8A513 /* Pin+CoreDataProperties.swift */; };
		25983B8C1EB6240E00D8A513 /* MKCoordinateRegionExtension.swift in Sources */ = {isa = PBXBuildFile; fileRef = 25983B8B1EB6240E00D8A513 /* MKCoordinateRegionExtension.swift */; };
		25983B8E1EB659B800D8A513 /* PhotoCollectionViewCell.swift in Sources */ = {isa = PBXBuildFile; fileRef = 25983B8D1EB659B800D8A513 /* PhotoCollectionViewCell.swift */; };
		25983B911EB7223100D8A513 /* Photo+CoreDataClass.swift in Sources */ = {isa = PBXBuildFile; fileRef = 25983B8F1EB7223100D8A513 /* Photo+CoreDataClass.swift */; };
		25983B921EB7223100D8A513 /* Photo+CoreDataProperties.swift in Sources */ = {isa = PBXBuildFile; fileRef = 25983B901EB7223100D8A513 /* Photo+CoreDataProperties.swift */; };
		25B2D5781EB0AA09002D0AC4 /* AppDelegate.swift in Sources */ = {isa = PBXBuildFile; fileRef = 25B2D5771EB0AA09002D0AC4 /* AppDelegate.swift */; };
		25B2D57D1EB0AA09002D0AC4 /* Main.storyboard in Resources */ = {isa = PBXBuildFile; fileRef = 25B2D57B1EB0AA09002D0AC4 /* Main.storyboard */; };
		25B2D57F1EB0AA09002D0AC4 /* Assets.xcassets in Resources */ = {isa = PBXBuildFile; fileRef = 25B2D57E1EB0AA09002D0AC4 /* Assets.xcassets */; };
		25B2D5821EB0AA09002D0AC4 /* LaunchScreen.storyboard in Resources */ = {isa = PBXBuildFile; fileRef = 25B2D5801EB0AA09002D0AC4 /* LaunchScreen.storyboard */; };
		25B2D58D1EB0AA09002D0AC4 /* VirtualTouristTests.swift in Sources */ = {isa = PBXBuildFile; fileRef = 25B2D58C1EB0AA09002D0AC4 /* VirtualTouristTests.swift */; };
		25B2D5981EB0AA09002D0AC4 /* VirtualTouristUITests.swift in Sources */ = {isa = PBXBuildFile; fileRef = 25B2D5971EB0AA09002D0AC4 /* VirtualTouristUITests.swift */; };
		25B2D5A71EB0AD84002D0AC4 /* MapKit.framework in Frameworks */ = {isa = PBXBuildFile; fileRef = 25B2D5A61EB0AD84002D0AC4 /* MapKit.framework */; };
		25B2D5AB1EB0AE2F002D0AC4 /* MapPinsViewController.swift in Sources */ = {isa = PBXBuildFile; fileRef = 25B2D5AA1EB0AE2F002D0AC4 /* MapPinsViewController.swift */; };
		25B2D5AD1EB0AE47002D0AC4 /* PhotoAlbumViewController.swift in Sources */ = {isa = PBXBuildFile; fileRef = 25B2D5AC1EB0AE47002D0AC4 /* PhotoAlbumViewController.swift */; };
		25B2D5B11EB0AEAA002D0AC4 /* VirtualTourist.xcdatamodeld in Sources */ = {isa = PBXBuildFile; fileRef = 25B2D5AF1EB0AEAA002D0AC4 /* VirtualTourist.xcdatamodeld */; };
		25B2D5B41EB0AF3A002D0AC4 /* ActivityIndicator.swift in Sources */ = {isa = PBXBuildFile; fileRef = 25B2D5B31EB0AF3A002D0AC4 /* ActivityIndicator.swift */; };
		25B2D5B81EB0DC13002D0AC4 /* CoredataStack.swift in Sources */ = {isa = PBXBuildFile; fileRef = 25B2D5B71EB0DC13002D0AC4 /* CoredataStack.swift */; };
		25B2D5BC1EB1E740002D0AC4 /* FlickrClient.swift in Sources */ = {isa = PBXBuildFile; fileRef = 25B2D5BB1EB1E740002D0AC4 /* FlickrClient.swift */; };
		25B2D5BE1EB1EC03002D0AC4 /* FlickrConstants.swift in Sources */ = {isa = PBXBuildFile; fileRef = 25B2D5BD1EB1EC03002D0AC4 /* FlickrConstants.swift */; };
		25B2D5C01EB1FBAB002D0AC4 /* FlickrConvenience.swift in Sources */ = {isa = PBXBuildFile; fileRef = 25B2D5BF1EB1FBAB002D0AC4 /* FlickrConvenience.swift */; };
/* End PBXBuildFile section */

/* Begin PBXContainerItemProxy section */
		25B2D5891EB0AA09002D0AC4 /* PBXContainerItemProxy */ = {
			isa = PBXContainerItemProxy;
			containerPortal = 25B2D56C1EB0AA09002D0AC4 /* Project object */;
			proxyType = 1;
			remoteGlobalIDString = 25B2D5731EB0AA09002D0AC4;
			remoteInfo = VirtualTourist;
		};
		25B2D5941EB0AA09002D0AC4 /* PBXContainerItemProxy */ = {
			isa = PBXContainerItemProxy;
			containerPortal = 25B2D56C1EB0AA09002D0AC4 /* Project object */;
			proxyType = 1;
			remoteGlobalIDString = 25B2D5731EB0AA09002D0AC4;
			remoteInfo = VirtualTourist;
		};
/* End PBXContainerItemProxy section */

/* Begin PBXFileReference section */
		25983B811EB5E10300D8A513 /* Pin+CoreDataClass.swift */ = {isa = PBXFileReference; fileEncoding = 4; lastKnownFileType = sourcecode.swift; path = "Pin+CoreDataClass.swift"; sourceTree = "<group>"; };
		25983B821EB5E10300D8A513 /* Pin+CoreDataProperties.swift */ = {isa = PBXFileReference; fileEncoding = 4; lastKnownFileType = sourcecode.swift; path = "Pin+CoreDataProperties.swift"; sourceTree = "<group>"; };
		25983B8B1EB6240E00D8A513 /* MKCoordinateRegionExtension.swift */ = {isa = PBXFileReference; fileEncoding = 4; lastKnownFileType = sourcecode.swift; path = MKCoordinateRegionExtension.swift; sourceTree = "<group>"; };
		25983B8D1EB659B800D8A513 /* PhotoCollectionViewCell.swift */ = {isa = PBXFileReference; fileEncoding = 4; lastKnownFileType = sourcecode.swift; path = PhotoCollectionViewCell.swift; sourceTree = "<group>"; };
		25983B8F1EB7223100D8A513 /* Photo+CoreDataClass.swift */ = {isa = PBXFileReference; fileEncoding = 4; lastKnownFileType = sourcecode.swift; path = "Photo+CoreDataClass.swift"; sourceTree = "<group>"; };
		25983B901EB7223100D8A513 /* Photo+CoreDataProperties.swift */ = {isa = PBXFileReference; fileEncoding = 4; lastKnownFileType = sourcecode.swift; path = "Photo+CoreDataProperties.swift"; sourceTree = "<group>"; };
		25B2D5741EB0AA09002D0AC4 /* VirtualTourist.app */ = {isa = PBXFileReference; explicitFileType = wrapper.application; includeInIndex = 0; path = VirtualTourist.app; sourceTree = BUILT_PRODUCTS_DIR; };
		25B2D5771EB0AA09002D0AC4 /* AppDelegate.swift */ = {isa = PBXFileReference; lastKnownFileType = sourcecode.swift; path = AppDelegate.swift; sourceTree = "<group>"; };
		25B2D57C1EB0AA09002D0AC4 /* Base */ = {isa = PBXFileReference; lastKnownFileType = file.storyboard; name = Base; path = Base.lproj/Main.storyboard; sourceTree = "<group>"; };
		25B2D57E1EB0AA09002D0AC4 /* Assets.xcassets */ = {isa = PBXFileReference; lastKnownFileType = folder.assetcatalog; path = Assets.xcassets; sourceTree = "<group>"; };
		25B2D5811EB0AA09002D0AC4 /* Base */ = {isa = PBXFileReference; lastKnownFileType = file.storyboard; name = Base; path = Base.lproj/LaunchScreen.storyboard; sourceTree = "<group>"; };
		25B2D5831EB0AA09002D0AC4 /* Info.plist */ = {isa = PBXFileReference; lastKnownFileType = text.plist.xml; path = Info.plist; sourceTree = "<group>"; };
		25B2D5881EB0AA09002D0AC4 /* VirtualTouristTests.xctest */ = {isa = PBXFileReference; explicitFileType = wrapper.cfbundle; includeInIndex = 0; path = VirtualTouristTests.xctest; sourceTree = BUILT_PRODUCTS_DIR; };
		25B2D58C1EB0AA09002D0AC4 /* VirtualTouristTests.swift */ = {isa = PBXFileReference; lastKnownFileType = sourcecode.swift; path = VirtualTouristTests.swift; sourceTree = "<group>"; };
		25B2D58E1EB0AA09002D0AC4 /* Info.plist */ = {isa = PBXFileReference; lastKnownFileType = text.plist.xml; path = Info.plist; sourceTree = "<group>"; };
		25B2D5931EB0AA09002D0AC4 /* VirtualTouristUITests.xctest */ = {isa = PBXFileReference; explicitFileType = wrapper.cfbundle; includeInIndex = 0; path = VirtualTouristUITests.xctest; sourceTree = BUILT_PRODUCTS_DIR; };
		25B2D5971EB0AA09002D0AC4 /* VirtualTouristUITests.swift */ = {isa = PBXFileReference; lastKnownFileType = sourcecode.swift; path = VirtualTouristUITests.swift; sourceTree = "<group>"; };
		25B2D5991EB0AA09002D0AC4 /* Info.plist */ = {isa = PBXFileReference; lastKnownFileType = text.plist.xml; path = Info.plist; sourceTree = "<group>"; };
		25B2D5A61EB0AD84002D0AC4 /* MapKit.framework */ = {isa = PBXFileReference; lastKnownFileType = wrapper.framework; name = MapKit.framework; path = System/Library/Frameworks/MapKit.framework; sourceTree = SDKROOT; };
		25B2D5AA1EB0AE2F002D0AC4 /* MapPinsViewController.swift */ = {isa = PBXFileReference; fileEncoding = 4; lastKnownFileType = sourcecode.swift; path = MapPinsViewController.swift; sourceTree = "<group>"; };
		25B2D5AC1EB0AE47002D0AC4 /* PhotoAlbumViewController.swift */ = {isa = PBXFileReference; fileEncoding = 4; lastKnownFileType = sourcecode.swift; path = PhotoAlbumViewController.swift; sourceTree = "<group>"; };
		25B2D5B01EB0AEAA002D0AC4 /* VirtualTourist.xcdatamodel */ = {isa = PBXFileReference; lastKnownFileType = wrapper.xcdatamodel; path = VirtualTourist.xcdatamodel; sourceTree = "<group>"; };
		25B2D5B31EB0AF3A002D0AC4 /* ActivityIndicator.swift */ = {isa = PBXFileReference; fileEncoding = 4; lastKnownFileType = sourcecode.swift; path = ActivityIndicator.swift; sourceTree = "<group>"; };
		25B2D5B71EB0DC13002D0AC4 /* CoredataStack.swift */ = {isa = PBXFileReference; fileEncoding = 4; lastKnownFileType = sourcecode.swift; path = CoredataStack.swift; sourceTree = "<group>"; };
		25B2D5BB1EB1E740002D0AC4 /* FlickrClient.swift */ = {isa = PBXFileReference; fileEncoding = 4; lastKnownFileType = sourcecode.swift; path = FlickrClient.swift; sourceTree = "<group>"; };
		25B2D5BD1EB1EC03002D0AC4 /* FlickrConstants.swift */ = {isa = PBXFileReference; fileEncoding = 4; lastKnownFileType = sourcecode.swift; path = FlickrConstants.swift; sourceTree = "<group>"; };
		25B2D5BF1EB1FBAB002D0AC4 /* FlickrConvenience.swift */ = {isa = PBXFileReference; fileEncoding = 4; lastKnownFileType = sourcecode.swift; path = FlickrConvenience.swift; sourceTree = "<group>"; };
/* End PBXFileReference section */

/* Begin PBXFrameworksBuildPhase section */
		25B2D5711EB0AA09002D0AC4 /* Frameworks */ = {
			isa = PBXFrameworksBuildPhase;
			buildActionMask = 2147483647;
			files = (
				25B2D5A71EB0AD84002D0AC4 /* MapKit.framework in Frameworks */,
			);
			runOnlyForDeploymentPostprocessing = 0;
		};
		25B2D5851EB0AA09002D0AC4 /* Frameworks */ = {
			isa = PBXFrameworksBuildPhase;
			buildActionMask = 2147483647;
			files = (
			);
			runOnlyForDeploymentPostprocessing = 0;
		};
		25B2D5901EB0AA09002D0AC4 /* Frameworks */ = {
			isa = PBXFrameworksBuildPhase;
			buildActionMask = 2147483647;
			files = (
			);
			runOnlyForDeploymentPostprocessing = 0;
		};
/* End PBXFrameworksBuildPhase section */

/* Begin PBXGroup section */
		25983B8A1EB623C600D8A513 /* Extension */ = {
			isa = PBXGroup;
			children = (
				25983B8B1EB6240E00D8A513 /* MKCoordinateRegionExtension.swift */,
			);
			name = Extension;
			sourceTree = "<group>";
		};
		25B2D56B1EB0AA09002D0AC4 = {
			isa = PBXGroup;
			children = (
				25B2D5761EB0AA09002D0AC4 /* VirtualTourist */,
				25B2D58B1EB0AA09002D0AC4 /* VirtualTouristTests */,
				25B2D5961EB0AA09002D0AC4 /* VirtualTouristUITests */,
				25B2D5751EB0AA09002D0AC4 /* Products */,
				25B2D5A51EB0AD84002D0AC4 /* Frameworks */,
			);
			sourceTree = "<group>";
		};
		25B2D5751EB0AA09002D0AC4 /* Products */ = {
			isa = PBXGroup;
			children = (
				25B2D5741EB0AA09002D0AC4 /* VirtualTourist.app */,
				25B2D5881EB0AA09002D0AC4 /* VirtualTouristTests.xctest */,
				25B2D5931EB0AA09002D0AC4 /* VirtualTouristUITests.xctest */,
			);
			name = Products;
			sourceTree = "<group>";
		};
		25B2D5761EB0AA09002D0AC4 /* VirtualTourist */ = {
			isa = PBXGroup;
			children = (
				25B2D5771EB0AA09002D0AC4 /* AppDelegate.swift */,
				25B2D5B21EB0AF0A002D0AC4 /* View */,
				25B2D5AE1EB0AE93002D0AC4 /* Model */,
				25B2D5A91EB0ADFF002D0AC4 /* Controllers */,
				25B2D5A81EB0ADF3002D0AC4 /* Assets */,
				25B2D5831EB0AA09002D0AC4 /* Info.plist */,
			);
			path = VirtualTourist;
			sourceTree = "<group>";
		};
		25B2D58B1EB0AA09002D0AC4 /* VirtualTouristTests */ = {
			isa = PBXGroup;
			children = (
				25B2D58C1EB0AA09002D0AC4 /* VirtualTouristTests.swift */,
				25B2D58E1EB0AA09002D0AC4 /* Info.plist */,
			);
			path = VirtualTouristTests;
			sourceTree = "<group>";
		};
		25B2D5961EB0AA09002D0AC4 /* VirtualTouristUITests */ = {
			isa = PBXGroup;
			children = (
				25B2D5971EB0AA09002D0AC4 /* VirtualTouristUITests.swift */,
				25B2D5991EB0AA09002D0AC4 /* Info.plist */,
			);
			path = VirtualTouristUITests;
			sourceTree = "<group>";
		};
		25B2D5A51EB0AD84002D0AC4 /* Frameworks */ = {
			isa = PBXGroup;
			children = (
				25B2D5A61EB0AD84002D0AC4 /* MapKit.framework */,
			);
			name = Frameworks;
			sourceTree = "<group>";
		};
		25B2D5A81EB0ADF3002D0AC4 /* Assets */ = {
			isa = PBXGroup;
			children = (
				25B2D57B1EB0AA09002D0AC4 /* Main.storyboard */,
				25B2D57E1EB0AA09002D0AC4 /* Assets.xcassets */,
				25B2D5801EB0AA09002D0AC4 /* LaunchScreen.storyboard */,
			);
			name = Assets;
			sourceTree = "<group>";
		};
		25B2D5A91EB0ADFF002D0AC4 /* Controllers */ = {
			isa = PBXGroup;
			children = (
				25983B8D1EB659B800D8A513 /* PhotoCollectionViewCell.swift */,
				25B2D5AA1EB0AE2F002D0AC4 /* MapPinsViewController.swift */,
				25B2D5AC1EB0AE47002D0AC4 /* PhotoAlbumViewController.swift */,
			);
			name = Controllers;
			sourceTree = "<group>";
		};
		25B2D5AE1EB0AE93002D0AC4 /* Model */ = {
			isa = PBXGroup;
			children = (
				25B2D5C11EB1FE02002D0AC4 /* Coredata */,
				25B2D5B91EB1C0C4002D0AC4 /* Client */,
			);
			name = Model;
			sourceTree = "<group>";
		};
		25B2D5B21EB0AF0A002D0AC4 /* View */ = {
			isa = PBXGroup;
			children = (
				25983B8A1EB623C600D8A513 /* Extension */,
				25B2D5B31EB0AF3A002D0AC4 /* ActivityIndicator.swift */,
			);
			name = View;
			sourceTree = "<group>";
		};
		25B2D5B91EB1C0C4002D0AC4 /* Client */ = {
			isa = PBXGroup;
			children = (
				25B2D5BA1EB1C0D2002D0AC4 /* Flickr */,
			);
			name = Client;
			sourceTree = "<group>";
		};
		25B2D5BA1EB1C0D2002D0AC4 /* Flickr */ = {
			isa = PBXGroup;
			children = (
				25B2D5BB1EB1E740002D0AC4 /* FlickrClient.swift */,
				25B2D5BD1EB1EC03002D0AC4 /* FlickrConstants.swift */,
				25B2D5BF1EB1FBAB002D0AC4 /* FlickrConvenience.swift */,
			);
			name = Flickr;
			sourceTree = "<group>";
		};
		25B2D5C11EB1FE02002D0AC4 /* Coredata */ = {
			isa = PBXGroup;
			children = (
				25983B8F1EB7223100D8A513 /* Photo+CoreDataClass.swift */,
				25983B901EB7223100D8A513 /* Photo+CoreDataProperties.swift */,
				25983B811EB5E10300D8A513 /* Pin+CoreDataClass.swift */,
				25983B821EB5E10300D8A513 /* Pin+CoreDataProperties.swift */,
				25B2D5AF1EB0AEAA002D0AC4 /* VirtualTourist.xcdatamodeld */,
				25B2D5B71EB0DC13002D0AC4 /* CoredataStack.swift */,
			);
			name = Coredata;
			sourceTree = "<group>";
		};
/* End PBXGroup section */

/* Begin PBXNativeTarget section */
		25B2D5731EB0AA09002D0AC4 /* VirtualTourist */ = {
			isa = PBXNativeTarget;
			buildConfigurationList = 25B2D59C1EB0AA09002D0AC4 /* Build configuration list for PBXNativeTarget "VirtualTourist" */;
			buildPhases = (
				25B2D5701EB0AA09002D0AC4 /* Sources */,
				25B2D5711EB0AA09002D0AC4 /* Frameworks */,
				25B2D5721EB0AA09002D0AC4 /* Resources */,
			);
			buildRules = (
			);
			dependencies = (
			);
			name = VirtualTourist;
			productName = VirtualTourist;
			productReference = 25B2D5741EB0AA09002D0AC4 /* VirtualTourist.app */;
			productType = "com.apple.product-type.application";
		};
		25B2D5871EB0AA09002D0AC4 /* VirtualTouristTests */ = {
			isa = PBXNativeTarget;
			buildConfigurationList = 25B2D59F1EB0AA09002D0AC4 /* Build configuration list for PBXNativeTarget "VirtualTouristTests" */;
			buildPhases = (
				25B2D5841EB0AA09002D0AC4 /* Sources */,
				25B2D5851EB0AA09002D0AC4 /* Frameworks */,
				25B2D5861EB0AA09002D0AC4 /* Resources */,
			);
			buildRules = (
			);
			dependencies = (
				25B2D58A1EB0AA09002D0AC4 /* PBXTargetDependency */,
			);
			name = VirtualTouristTests;
			productName = VirtualTouristTests;
			productReference = 25B2D5881EB0AA09002D0AC4 /* VirtualTouristTests.xctest */;
			productType = "com.apple.product-type.bundle.unit-test";
		};
		25B2D5921EB0AA09002D0AC4 /* VirtualTouristUITests */ = {
			isa = PBXNativeTarget;
			buildConfigurationList = 25B2D5A21EB0AA09002D0AC4 /* Build configuration list for PBXNativeTarget "VirtualTouristUITests" */;
			buildPhases = (
				25B2D58F1EB0AA09002D0AC4 /* Sources */,
				25B2D5901EB0AA09002D0AC4 /* Frameworks */,
				25B2D5911EB0AA09002D0AC4 /* Resources */,
			);
			buildRules = (
			);
			dependencies = (
				25B2D5951EB0AA09002D0AC4 /* PBXTargetDependency */,
			);
			name = VirtualTouristUITests;
			productName = VirtualTouristUITests;
			productReference = 25B2D5931EB0AA09002D0AC4 /* VirtualTouristUITests.xctest */;
			productType = "com.apple.product-type.bundle.ui-testing";
		};
/* End PBXNativeTarget section */

/* Begin PBXProject section */
		25B2D56C1EB0AA09002D0AC4 /* Project object */ = {
			isa = PBXProject;
			attributes = {
				LastSwiftUpdateCheck = 0830;
				LastUpgradeCheck = 0830;
				ORGANIZATIONNAME = "Aniket Ghode";
				TargetAttributes = {
					25B2D5731EB0AA09002D0AC4 = {
						CreatedOnToolsVersion = 8.3.2;
						DevelopmentTeam = 7M848FL347;
						ProvisioningStyle = Automatic;
						SystemCapabilities = {
							com.apple.Maps.iOS = {
								enabled = 1;
							};
						};
					};
					25B2D5871EB0AA09002D0AC4 = {
						CreatedOnToolsVersion = 8.3.2;
						ProvisioningStyle = Automatic;
						TestTargetID = 25B2D5731EB0AA09002D0AC4;
					};
					25B2D5921EB0AA09002D0AC4 = {
						CreatedOnToolsVersion = 8.3.2;
						ProvisioningStyle = Automatic;
						TestTargetID = 25B2D5731EB0AA09002D0AC4;
					};
				};
			};
			buildConfigurationList = 25B2D56F1EB0AA09002D0AC4 /* Build configuration list for PBXProject "VirtualTourist" */;
			compatibilityVersion = "Xcode 3.2";
			developmentRegion = English;
			hasScannedForEncodings = 0;
			knownRegions = (
				en,
				Base,
			);
			mainGroup = 25B2D56B1EB0AA09002D0AC4;
			productRefGroup = 25B2D5751EB0AA09002D0AC4 /* Products */;
			projectDirPath = "";
			projectRoot = "";
			targets = (
				25B2D5731EB0AA09002D0AC4 /* VirtualTourist */,
				25B2D5871EB0AA09002D0AC4 /* VirtualTouristTests */,
				25B2D5921EB0AA09002D0AC4 /* VirtualTouristUITests */,
			);
		};
/* End PBXProject section */

/* Begin PBXResourcesBuildPhase section */
		25B2D5721EB0AA09002D0AC4 /* Resources */ = {
			isa = PBXResourcesBuildPhase;
			buildActionMask = 2147483647;
			files = (
				25B2D5821EB0AA09002D0AC4 /* LaunchScreen.storyboard in Resources */,
				25B2D57F1EB0AA09002D0AC4 /* Assets.xcassets in Resources */,
				25B2D57D1EB0AA09002D0AC4 /* Main.storyboard in Resources */,
			);
			runOnlyForDeploymentPostprocessing = 0;
		};
		25B2D5861EB0AA09002D0AC4 /* Resources */ = {
			isa = PBXResourcesBuildPhase;
			buildActionMask = 2147483647;
			files = (
			);
			runOnlyForDeploymentPostprocessing = 0;
		};
		25B2D5911EB0AA09002D0AC4 /* Resources */ = {
			isa = PBXResourcesBuildPhase;
			buildActionMask = 2147483647;
			files = (
			);
			runOnlyForDeploymentPostprocessing = 0;
		};
/* End PBXResourcesBuildPhase section */

/* Begin PBXSourcesBuildPhase section */
		25B2D5701EB0AA09002D0AC4 /* Sources */ = {
			isa = PBXSourcesBuildPhase;
			buildActionMask = 2147483647;
			files = (
				25B2D5BE1EB1EC03002D0AC4 /* FlickrConstants.swift in Sources */,
				25983B851EB5E10300D8A513 /* Pin+CoreDataClass.swift in Sources */,
				25B2D5B11EB0AEAA002D0AC4 /* VirtualTourist.xcdatamodeld in Sources */,
				25983B921EB7223100D8A513 /* Photo+CoreDataProperties.swift in Sources */,
				25983B861EB5E10300D8A513 /* Pin+CoreDataProperties.swift in Sources */,
				25983B8C1EB6240E00D8A513 /* MKCoordinateRegionExtension.swift in Sources */,
				25B2D5B41EB0AF3A002D0AC4 /* ActivityIndicator.swift in Sources */,
				25B2D5BC1EB1E740002D0AC4 /* FlickrClient.swift in Sources */,
				25B2D5781EB0AA09002D0AC4 /* AppDelegate.swift in Sources */,
				25983B911EB7223100D8A513 /* Photo+CoreDataClass.swift in Sources */,
				25B2D5AB1EB0AE2F002D0AC4 /* MapPinsViewController.swift in Sources */,
				25983B8E1EB659B800D8A513 /* PhotoCollectionViewCell.swift in Sources */,
				25B2D5AD1EB0AE47002D0AC4 /* PhotoAlbumViewController.swift in Sources */,
				25B2D5B81EB0DC13002D0AC4 /* CoredataStack.swift in Sources */,
				25B2D5C01EB1FBAB002D0AC4 /* FlickrConvenience.swift in Sources */,
			);
			runOnlyForDeploymentPostprocessing = 0;
		};
		25B2D5841EB0AA09002D0AC4 /* Sources */ = {
			isa = PBXSourcesBuildPhase;
			buildActionMask = 2147483647;
			files = (
				25B2D58D1EB0AA09002D0AC4 /* VirtualTouristTests.swift in Sources */,
			);
			runOnlyForDeploymentPostprocessing = 0;
		};
		25B2D58F1EB0AA09002D0AC4 /* Sources */ = {
			isa = PBXSourcesBuildPhase;
			buildActionMask = 2147483647;
			files = (
				25B2D5981EB0AA09002D0AC4 /* VirtualTouristUITests.swift in Sources */,
			);
			runOnlyForDeploymentPostprocessing = 0;
		};
/* End PBXSourcesBuildPhase section */

/* Begin PBXTargetDependency section */
		25B2D58A1EB0AA09002D0AC4 /* PBXTargetDependency */ = {
			isa = PBXTargetDependency;
			target = 25B2D5731EB0AA09002D0AC4 /* VirtualTourist */;
			targetProxy = 25B2D5891EB0AA09002D0AC4 /* PBXContainerItemProxy */;
		};
		25B2D5951EB0AA09002D0AC4 /* PBXTargetDependency */ = {
			isa = PBXTargetDependency;
			target = 25B2D5731EB0AA09002D0AC4 /* VirtualTourist */;
			targetProxy = 25B2D5941EB0AA09002D0AC4 /* PBXContainerItemProxy */;
		};
/* End PBXTargetDependency section */

/* Begin PBXVariantGroup section */
		25B2D57B1EB0AA09002D0AC4 /* Main.storyboard */ = {
			isa = PBXVariantGroup;
			children = (
				25B2D57C1EB0AA09002D0AC4 /* Base */,
			);
			name = Main.storyboard;
			sourceTree = "<group>";
		};
		25B2D5801EB0AA09002D0AC4 /* LaunchScreen.storyboard */ = {
			isa = PBXVariantGroup;
			children = (
				25B2D5811EB0AA09002D0AC4 /* Base */,
			);
			name = LaunchScreen.storyboard;
			sourceTree = "<group>";
		};
/* End PBXVariantGroup section */

/* Begin XCBuildConfiguration section */
		25B2D59A1EB0AA09002D0AC4 /* Debug */ = {
			isa = XCBuildConfiguration;
			buildSettings = {
				ALWAYS_SEARCH_USER_PATHS = NO;
				CLANG_ANALYZER_NONNULL = YES;
				CLANG_ANALYZER_NUMBER_OBJECT_CONVERSION = YES_AGGRESSIVE;
				CLANG_CXX_LANGUAGE_STANDARD = "gnu++0x";
				CLANG_CXX_LIBRARY = "libc++";
				CLANG_ENABLE_MODULES = YES;
				CLANG_ENABLE_OBJC_ARC = YES;
				CLANG_WARN_BOOL_CONVERSION = YES;
				CLANG_WARN_CONSTANT_CONVERSION = YES;
				CLANG_WARN_DIRECT_OBJC_ISA_USAGE = YES_ERROR;
				CLANG_WARN_DOCUMENTATION_COMMENTS = YES;
				CLANG_WARN_EMPTY_BODY = YES;
				CLANG_WARN_ENUM_CONVERSION = YES;
				CLANG_WARN_INFINITE_RECURSION = YES;
				CLANG_WARN_INT_CONVERSION = YES;
				CLANG_WARN_OBJC_ROOT_CLASS = YES_ERROR;
				CLANG_WARN_SUSPICIOUS_MOVE = YES;
				CLANG_WARN_UNREACHABLE_CODE = YES;
				CLANG_WARN__DUPLICATE_METHOD_MATCH = YES;
				"CODE_SIGN_IDENTITY[sdk=iphoneos*]" = "iPhone Developer";
				COPY_PHASE_STRIP = NO;
				DEBUG_INFORMATION_FORMAT = dwarf;
				ENABLE_STRICT_OBJC_MSGSEND = YES;
				ENABLE_TESTABILITY = YES;
				GCC_C_LANGUAGE_STANDARD = gnu99;
				GCC_DYNAMIC_NO_PIC = NO;
				GCC_NO_COMMON_BLOCKS = YES;
				GCC_OPTIMIZATION_LEVEL = 0;
				GCC_PREPROCESSOR_DEFINITIONS = (
					"DEBUG=1",
					"$(inherited)",
				);
				GCC_WARN_64_TO_32_BIT_CONVERSION = YES;
				GCC_WARN_ABOUT_RETURN_TYPE = YES_ERROR;
				GCC_WARN_UNDECLARED_SELECTOR = YES;
				GCC_WARN_UNINITIALIZED_AUTOS = YES_AGGRESSIVE;
				GCC_WARN_UNUSED_FUNCTION = YES;
				GCC_WARN_UNUSED_VARIABLE = YES;
				IPHONEOS_DEPLOYMENT_TARGET = 10.3;
				MTL_ENABLE_DEBUG_INFO = YES;
				ONLY_ACTIVE_ARCH = YES;
				SDKROOT = iphoneos;
				SWIFT_ACTIVE_COMPILATION_CONDITIONS = DEBUG;
				SWIFT_OPTIMIZATION_LEVEL = "-Onone";
			};
			name = Debug;
		};
		25B2D59B1EB0AA09002D0AC4 /* Release */ = {
			isa = XCBuildConfiguration;
			buildSettings = {
				ALWAYS_SEARCH_USER_PATHS = NO;
				CLANG_ANALYZER_NONNULL = YES;
				CLANG_ANALYZER_NUMBER_OBJECT_CONVERSION = YES_AGGRESSIVE;
				CLANG_CXX_LANGUAGE_STANDARD = "gnu++0x";
				CLANG_CXX_LIBRARY = "libc++";
				CLANG_ENABLE_MODULES = YES;
				CLANG_ENABLE_OBJC_ARC = YES;
				CLANG_WARN_BOOL_CONVERSION = YES;
				CLANG_WARN_CONSTANT_CONVERSION = YES;
				CLANG_WARN_DIRECT_OBJC_ISA_USAGE = YES_ERROR;
				CLANG_WARN_DOCUMENTATION_COMMENTS = YES;
				CLANG_WARN_EMPTY_BODY = YES;
				CLANG_WARN_ENUM_CONVERSION = YES;
				CLANG_WARN_INFINITE_RECURSION = YES;
				CLANG_WARN_INT_CONVERSION = YES;
				CLANG_WARN_OBJC_ROOT_CLASS = YES_ERROR;
				CLANG_WARN_SUSPICIOUS_MOVE = YES;
				CLANG_WARN_UNREACHABLE_CODE = YES;
				CLANG_WARN__DUPLICATE_METHOD_MATCH = YES;
				"CODE_SIGN_IDENTITY[sdk=iphoneos*]" = "iPhone Developer";
				COPY_PHASE_STRIP = NO;
				DEBUG_INFORMATION_FORMAT = "dwarf-with-dsym";
				ENABLE_NS_ASSERTIONS = NO;
				ENABLE_STRICT_OBJC_MSGSEND = YES;
				GCC_C_LANGUAGE_STANDARD = gnu99;
				GCC_NO_COMMON_BLOCKS = YES;
				GCC_WARN_64_TO_32_BIT_CONVERSION = YES;
				GCC_WARN_ABOUT_RETURN_TYPE = YES_ERROR;
				GCC_WARN_UNDECLARED_SELECTOR = YES;
				GCC_WARN_UNINITIALIZED_AUTOS = YES_AGGRESSIVE;
				GCC_WARN_UNUSED_FUNCTION = YES;
				GCC_WARN_UNUSED_VARIABLE = YES;
				IPHONEOS_DEPLOYMENT_TARGET = 10.3;
				MTL_ENABLE_DEBUG_INFO = NO;
				SDKROOT = iphoneos;
				SWIFT_OPTIMIZATION_LEVEL = "-Owholemodule";
				VALIDATE_PRODUCT = YES;
			};
			name = Release;
		};
		25B2D59D1EB0AA09002D0AC4 /* Debug */ = {
			isa = XCBuildConfiguration;
			buildSettings = {
				ASSETCATALOG_COMPILER_APPICON_NAME = AppIcon;
				DEVELOPMENT_TEAM = 7M848FL347;
				INFOPLIST_FILE = VirtualTourist/Info.plist;
				LD_RUNPATH_SEARCH_PATHS = "$(inherited) @executable_path/Frameworks";
				PRODUCT_BUNDLE_IDENTIFIER = com.aghode.VirtualTourist;
				PRODUCT_NAME = "$(TARGET_NAME)";
				SWIFT_VERSION = 3.0;
			};
			name = Debug;
		};
		25B2D59E1EB0AA09002D0AC4 /* Release */ = {
			isa = XCBuildConfiguration;
			buildSettings = {
				ASSETCATALOG_COMPILER_APPICON_NAME = AppIcon;
				DEVELOPMENT_TEAM = 7M848FL347;
				INFOPLIST_FILE = VirtualTourist/Info.plist;
				LD_RUNPATH_SEARCH_PATHS = "$(inherited) @executable_path/Frameworks";
				PRODUCT_BUNDLE_IDENTIFIER = com.aghode.VirtualTourist;
				PRODUCT_NAME = "$(TARGET_NAME)";
				SWIFT_VERSION = 3.0;
			};
			name = Release;
		};
		25B2D5A01EB0AA09002D0AC4 /* Debug */ = {
			isa = XCBuildConfiguration;
			buildSettings = {
				ALWAYS_EMBED_SWIFT_STANDARD_LIBRARIES = YES;
				BUNDLE_LOADER = "$(TEST_HOST)";
				INFOPLIST_FILE = VirtualTouristTests/Info.plist;
				LD_RUNPATH_SEARCH_PATHS = "$(inherited) @executable_path/Frameworks @loader_path/Frameworks";
				PRODUCT_BUNDLE_IDENTIFIER = com.aghode.VirtualTouristTests;
				PRODUCT_NAME = "$(TARGET_NAME)";
				SWIFT_VERSION = 3.0;
				TEST_HOST = "$(BUILT_PRODUCTS_DIR)/VirtualTourist.app/VirtualTourist";
			};
			name = Debug;
		};
		25B2D5A11EB0AA09002D0AC4 /* Release */ = {
			isa = XCBuildConfiguration;
			buildSettings = {
				ALWAYS_EMBED_SWIFT_STANDARD_LIBRARIES = YES;
				BUNDLE_LOADER = "$(TEST_HOST)";
				INFOPLIST_FILE = VirtualTouristTests/Info.plist;
				LD_RUNPATH_SEARCH_PATHS = "$(inherited) @executable_path/Frameworks @loader_path/Frameworks";
				PRODUCT_BUNDLE_IDENTIFIER = com.aghode.VirtualTouristTests;
				PRODUCT_NAME = "$(TARGET_NAME)";
				SWIFT_VERSION = 3.0;
				TEST_HOST = "$(BUILT_PRODUCTS_DIR)/VirtualTourist.app/VirtualTourist";
			};
			name = Release;
		};
		25B2D5A31EB0AA09002D0AC4 /* Debug */ = {
			isa = XCBuildConfiguration;
			buildSettings = {
				ALWAYS_EMBED_SWIFT_STANDARD_LIBRARIES = YES;
				INFOPLIST_FILE = VirtualTouristUITests/Info.plist;
				LD_RUNPATH_SEARCH_PATHS = "$(inherited) @executable_path/Frameworks @loader_path/Frameworks";
				PRODUCT_BUNDLE_IDENTIFIER = com.aghode.VirtualTouristUITests;
				PRODUCT_NAME = "$(TARGET_NAME)";
				SWIFT_VERSION = 3.0;
				TEST_TARGET_NAME = VirtualTourist;
			};
			name = Debug;
		};
		25B2D5A41EB0AA09002D0AC4 /* Release */ = {
			isa = XCBuildConfiguration;
			buildSettings = {
				ALWAYS_EMBED_SWIFT_STANDARD_LIBRARIES = YES;
				INFOPLIST_FILE = VirtualTouristUITests/Info.plist;
				LD_RUNPATH_SEARCH_PATHS = "$(inherited) @executable_path/Frameworks @loader_path/Frameworks";
				PRODUCT_BUNDLE_IDENTIFIER = com.aghode.VirtualTouristUITests;
				PRODUCT_NAME = "$(TARGET_NAME)";
				SWIFT_VERSION = 3.0;
				TEST_TARGET_NAME = VirtualTourist;
			};
			name = Release;
		};
/* End XCBuildConfiguration section */

/* Begin XCConfigurationList section */
		25B2D56F1EB0AA09002D0AC4 /* Build configuration list for PBXProject "VirtualTourist" */ = {
			isa = XCConfigurationList;
			buildConfigurations = (
				25B2D59A1EB0AA09002D0AC4 /* Debug */,
				25B2D59B1EB0AA09002D0AC4 /* Release */,
			);
			defaultConfigurationIsVisible = 0;
			defaultConfigurationName = Release;
		};
		25B2D59C1EB0AA09002D0AC4 /* Build configuration list for PBXNativeTarget "VirtualTourist" */ = {
			isa = XCConfigurationList;
			buildConfigurations = (
				25B2D59D1EB0AA09002D0AC4 /* Debug */,
				25B2D59E1EB0AA09002D0AC4 /* Release */,
			);
			defaultConfigurationIsVisible = 0;
			defaultConfigurationName = Release;
		};
		25B2D59F1EB0AA09002D0AC4 /* Build configuration list for PBXNativeTarget "VirtualTouristTests" */ = {
			isa = XCConfigurationList;
			buildConfigurations = (
				25B2D5A01EB0AA09002D0AC4 /* Debug */,
				25B2D5A11EB0AA09002D0AC4 /* Release */,
			);
			defaultConfigurationIsVisible = 0;
			defaultConfigurationName = Release;
		};
		25B2D5A21EB0AA09002D0AC4 /* Build configuration list for PBXNativeTarget "VirtualTouristUITests" */ = {
			isa = XCConfigurationList;
			buildConfigurations = (
				25B2D5A31EB0AA09002D0AC4 /* Debug */,
				25B2D5A41EB0AA09002D0AC4 /* Release */,
			);
			defaultConfigurationIsVisible = 0;
			defaultConfigurationName = Release;
		};
/* End XCConfigurationList section */

/* Begin XCVersionGroup section */
		25B2D5AF1EB0AEAA002D0AC4 /* VirtualTourist.xcdatamodeld */ = {
			isa = XCVersionGroup;
			children = (
				25B2D5B01EB0AEAA002D0AC4 /* VirtualTourist.xcdatamodel */,
			);
			currentVersion = 25B2D5B01EB0AEAA002D0AC4 /* VirtualTourist.xcdatamodel */;
			path = VirtualTourist.xcdatamodeld;
			sourceTree = "<group>";
			versionGroupType = wrapper.xcdatamodel;
		};
/* End XCVersionGroup section */
	};
	rootObject = 25B2D56C1EB0AA09002D0AC4 /* Project object */;
}
